// !$*UTF8*$!
{
	archiveVersion = 1;
	classes = {
	};
	objectVersion = 56;
	objects = {

/* Begin PBXBuildFile section */
		6A837E202B3AF7E800A7CD21 /* Lesson_4_05_ContactListApp.swift in Sources */ = {isa = PBXBuildFile; fileRef = 6A837E1F2B3AF7E800A7CD21 /* Lesson_4_05_ContactListApp.swift */; };
		6A837E222B3AF7E800A7CD21 /* RootView.swift in Sources */ = {isa = PBXBuildFile; fileRef = 6A837E212B3AF7E800A7CD21 /* RootView.swift */; };
		6A837E242B3AF7E800A7CD21 /* Contact.swift in Sources */ = {isa = PBXBuildFile; fileRef = 6A837E232B3AF7E800A7CD21 /* Contact.swift */; };
		6A837E262B3AF7E900A7CD21 /* Assets.xcassets in Resources */ = {isa = PBXBuildFile; fileRef = 6A837E252B3AF7E900A7CD21 /* Assets.xcassets */; };
		6A837E292B3AF7E900A7CD21 /* Preview Assets.xcassets in Resources */ = {isa = PBXBuildFile; fileRef = 6A837E282B3AF7E900A7CD21 /* Preview Assets.xcassets */; };
		6A837E342B3AFA6200A7CD21 /* DataManager.swift in Sources */ = {isa = PBXBuildFile; fileRef = 6A837E332B3AFA6200A7CD21 /* DataManager.swift */; };
		6A837E392B3B040100A7CD21 /* Constants.swift in Sources */ = {isa = PBXBuildFile; fileRef = 6A837E382B3B040100A7CD21 /* Constants.swift */; };
		6A837E412B3BEE5F00A7CD21 /* DataStore.swift in Sources */ = {isa = PBXBuildFile; fileRef = 6A837E402B3BEE5F00A7CD21 /* DataStore.swift */; };
		6A837E432B3BF80B00A7CD21 /* NumbersView.swift in Sources */ = {isa = PBXBuildFile; fileRef = 6A837E422B3BF80B00A7CD21 /* NumbersView.swift */; };
		6A837E872B3C018E00A7CD21 /* ContactsView.swift in Sources */ = {isa = PBXBuildFile; fileRef = 6A837E862B3C018E00A7CD21 /* ContactsView.swift */; };
		6A837E8C2B3C512A00A7CD21 /* ContactLinkView.swift in Sources */ = {isa = PBXBuildFile; fileRef = 6A837E8B2B3C512A00A7CD21 /* ContactLinkView.swift */; };
		6A837E922B3C834400A7CD21 /* DetailsView.swift in Sources */ = {isa = PBXBuildFile; fileRef = 6A837E912B3C834400A7CD21 /* DetailsView.swift */; };
		6A837E942B3D354E00A7CD21 /* PersonImageView.swift in Sources */ = {isa = PBXBuildFile; fileRef = 6A837E932B3D354E00A7CD21 /* PersonImageView.swift */; };
		6A837E962B3D3DFA00A7CD21 /* RootViewModel.swift in Sources */ = {isa = PBXBuildFile; fileRef = 6A837E952B3D3DFA00A7CD21 /* RootViewModel.swift */; };
		6A837EB62B3D5C9E00A7CD21 /* Person.swift in Sources */ = {isa = PBXBuildFile; fileRef = 6A837EB52B3D5C9E00A7CD21 /* Person.swift */; };
		6A837EB92B3D5D4000A7CD21 /* StorageManager.swift in Sources */ = {isa = PBXBuildFile; fileRef = 6A837EB82B3D5D4000A7CD21 /* StorageManager.swift */; };
/* End PBXBuildFile section */

/* Begin PBXFileReference section */
		6A837E1C2B3AF7E800A7CD21 /* Lesson-4.05_ContactList.app */ = {isa = PBXFileReference; explicitFileType = wrapper.application; includeInIndex = 0; path = "Lesson-4.05_ContactList.app"; sourceTree = BUILT_PRODUCTS_DIR; };
		6A837E1F2B3AF7E800A7CD21 /* Lesson_4_05_ContactListApp.swift */ = {isa = PBXFileReference; lastKnownFileType = sourcecode.swift; path = Lesson_4_05_ContactListApp.swift; sourceTree = "<group>"; };
		6A837E212B3AF7E800A7CD21 /* RootView.swift */ = {isa = PBXFileReference; lastKnownFileType = sourcecode.swift; path = RootView.swift; sourceTree = "<group>"; };
		6A837E232B3AF7E800A7CD21 /* Contact.swift */ = {isa = PBXFileReference; lastKnownFileType = sourcecode.swift; path = Contact.swift; sourceTree = "<group>"; };
		6A837E252B3AF7E900A7CD21 /* Assets.xcassets */ = {isa = PBXFileReference; lastKnownFileType = folder.assetcatalog; path = Assets.xcassets; sourceTree = "<group>"; };
		6A837E282B3AF7E900A7CD21 /* Preview Assets.xcassets */ = {isa = PBXFileReference; lastKnownFileType = folder.assetcatalog; path = "Preview Assets.xcassets"; sourceTree = "<group>"; };
		6A837E332B3AFA6200A7CD21 /* DataManager.swift */ = {isa = PBXFileReference; fileEncoding = 4; lastKnownFileType = sourcecode.swift; path = DataManager.swift; sourceTree = "<group>"; };
		6A837E382B3B040100A7CD21 /* Constants.swift */ = {isa = PBXFileReference; lastKnownFileType = sourcecode.swift; path = Constants.swift; sourceTree = "<group>"; };
		6A837E402B3BEE5F00A7CD21 /* DataStore.swift */ = {isa = PBXFileReference; lastKnownFileType = sourcecode.swift; path = DataStore.swift; sourceTree = "<group>"; };
		6A837E422B3BF80B00A7CD21 /* NumbersView.swift */ = {isa = PBXFileReference; lastKnownFileType = sourcecode.swift; path = NumbersView.swift; sourceTree = "<group>"; };
		6A837E862B3C018E00A7CD21 /* ContactsView.swift */ = {isa = PBXFileReference; lastKnownFileType = sourcecode.swift; path = ContactsView.swift; sourceTree = "<group>"; };
		6A837E8B2B3C512A00A7CD21 /* ContactLinkView.swift */ = {isa = PBXFileReference; lastKnownFileType = sourcecode.swift; path = ContactLinkView.swift; sourceTree = "<group>"; };
		6A837E912B3C834400A7CD21 /* DetailsView.swift */ = {isa = PBXFileReference; lastKnownFileType = sourcecode.swift; path = DetailsView.swift; sourceTree = "<group>"; };
		6A837E932B3D354E00A7CD21 /* PersonImageView.swift */ = {isa = PBXFileReference; lastKnownFileType = sourcecode.swift; path = PersonImageView.swift; sourceTree = "<group>"; };
		6A837E952B3D3DFA00A7CD21 /* RootViewModel.swift */ = {isa = PBXFileReference; lastKnownFileType = sourcecode.swift; path = RootViewModel.swift; sourceTree = "<group>"; };
		6A837EB52B3D5C9E00A7CD21 /* Person.swift */ = {isa = PBXFileReference; lastKnownFileType = sourcecode.swift; path = Person.swift; sourceTree = "<group>"; };
		6A837EB82B3D5D4000A7CD21 /* StorageManager.swift */ = {isa = PBXFileReference; lastKnownFileType = sourcecode.swift; path = StorageManager.swift; sourceTree = "<group>"; };
/* End PBXFileReference section */

/* Begin PBXFrameworksBuildPhase section */
		6A837E192B3AF7E800A7CD21 /* Frameworks */ = {
			isa = PBXFrameworksBuildPhase;
			buildActionMask = 2147483647;
			files = (
			);
			runOnlyForDeploymentPostprocessing = 0;
		};
/* End PBXFrameworksBuildPhase section */

/* Begin PBXGroup section */
		6A837E132B3AF7E800A7CD21 = {
			isa = PBXGroup;
			children = (
				6A837E1E2B3AF7E800A7CD21 /* Lesson-4.05_ContactList */,
				6A837E1D2B3AF7E800A7CD21 /* Products */,
			);
			sourceTree = "<group>";
		};
		6A837E1D2B3AF7E800A7CD21 /* Products */ = {
			isa = PBXGroup;
			children = (
				6A837E1C2B3AF7E800A7CD21 /* Lesson-4.05_ContactList.app */,
			);
			name = Products;
			sourceTree = "<group>";
		};
		6A837E1E2B3AF7E800A7CD21 /* Lesson-4.05_ContactList */ = {
			isa = PBXGroup;
			children = (
				6A837E1F2B3AF7E800A7CD21 /* Lesson_4_05_ContactListApp.swift */,
				6A837E302B3AF98400A7CD21 /* Models */,
				6A837E312B3AF99500A7CD21 /* Scenes */,
				6A837E322B3AFA6200A7CD21 /* Services */,
				6A837E372B3B03E900A7CD21 /* Constants */,
				6A837E2F2B3AF96900A7CD21 /* Resources */,
				6A837EB72B3D5CDC00A7CD21 /* SwiftDataBackUp */,
				6A837E272B3AF7E900A7CD21 /* Preview Content */,
			);
			path = "Lesson-4.05_ContactList";
			sourceTree = "<group>";
		};
		6A837E272B3AF7E900A7CD21 /* Preview Content */ = {
			isa = PBXGroup;
			children = (
				6A837E282B3AF7E900A7CD21 /* Preview Assets.xcassets */,
			);
			path = "Preview Content";
			sourceTree = "<group>";
		};
		6A837E2F2B3AF96900A7CD21 /* Resources */ = {
			isa = PBXGroup;
			children = (
				6A837E252B3AF7E900A7CD21 /* Assets.xcassets */,
			);
			path = Resources;
			sourceTree = "<group>";
		};
		6A837E302B3AF98400A7CD21 /* Models */ = {
			isa = PBXGroup;
			children = (
				6A837EB52B3D5C9E00A7CD21 /* Person.swift */,
			);
			path = Models;
			sourceTree = "<group>";
		};
		6A837E312B3AF99500A7CD21 /* Scenes */ = {
			isa = PBXGroup;
			children = (
				6A837E882B3C4F6200A7CD21 /* RootScene */,
			);
			path = Scenes;
			sourceTree = "<group>";
		};
		6A837E322B3AFA6200A7CD21 /* Services */ = {
			isa = PBXGroup;
			children = (
				6A837E332B3AFA6200A7CD21 /* DataManager.swift */,
				6A837E402B3BEE5F00A7CD21 /* DataStore.swift */,
			);
			path = Services;
			sourceTree = "<group>";
		};
		6A837E372B3B03E900A7CD21 /* Constants */ = {
			isa = PBXGroup;
			children = (
				6A837E382B3B040100A7CD21 /* Constants.swift */,
			);
			path = Constants;
			sourceTree = "<group>";
		};
		6A837E882B3C4F6200A7CD21 /* RootScene */ = {
			isa = PBXGroup;
			children = (
				6A837E952B3D3DFA00A7CD21 /* RootViewModel.swift */,
				6A837E212B3AF7E800A7CD21 /* RootView.swift */,
				6A837E892B3C4FB700A7CD21 /* RootViewSubscenes */,
			);
			path = RootScene;
			sourceTree = "<group>";
		};
		6A837E892B3C4FB700A7CD21 /* RootViewSubscenes */ = {
			isa = PBXGroup;
			children = (
				6A837E972B3D3EED00A7CD21 /* ContactsScene */,
				6A837E8A2B3C4FCF00A7CD21 /* NumbersScene */,
			);
			path = RootViewSubscenes;
			sourceTree = "<group>";
		};
		6A837E8A2B3C4FCF00A7CD21 /* NumbersScene */ = {
			isa = PBXGroup;
			children = (
				6A837E422B3BF80B00A7CD21 /* NumbersView.swift */,
			);
			path = NumbersScene;
			sourceTree = "<group>";
		};
		6A837E972B3D3EED00A7CD21 /* ContactsScene */ = {
			isa = PBXGroup;
			children = (
				6A837E862B3C018E00A7CD21 /* ContactsView.swift */,
				6A837EBA2B3D5FD100A7CD21 /* ContactsViewSubviews */,
			);
			path = ContactsScene;
			sourceTree = "<group>";
		};
		6A837EB72B3D5CDC00A7CD21 /* SwiftDataBackUp */ = {
			isa = PBXGroup;
			children = (
				6A837E232B3AF7E800A7CD21 /* Contact.swift */,
				6A837EB82B3D5D4000A7CD21 /* StorageManager.swift */,
			);
			path = SwiftDataBackUp;
			sourceTree = "<group>";
		};
		6A837EBA2B3D5FD100A7CD21 /* ContactsViewSubviews */ = {
			isa = PBXGroup;
			children = (
				6A837E8B2B3C512A00A7CD21 /* ContactLinkView.swift */,
				6A837E912B3C834400A7CD21 /* DetailsView.swift */,
				6A837E932B3D354E00A7CD21 /* PersonImageView.swift */,
			);
			path = ContactsViewSubviews;
			sourceTree = "<group>";
		};
/* End PBXGroup section */

/* Begin PBXNativeTarget section */
		6A837E1B2B3AF7E800A7CD21 /* Lesson-4.05_ContactList */ = {
			isa = PBXNativeTarget;
			buildConfigurationList = 6A837E2C2B3AF7E900A7CD21 /* Build configuration list for PBXNativeTarget "Lesson-4.05_ContactList" */;
			buildPhases = (
				6A837E182B3AF7E800A7CD21 /* Sources */,
				6A837E192B3AF7E800A7CD21 /* Frameworks */,
				6A837E1A2B3AF7E800A7CD21 /* Resources */,
			);
			buildRules = (
			);
			dependencies = (
			);
			name = "Lesson-4.05_ContactList";
			productName = "Lesson-4.05_ContactList";
			productReference = 6A837E1C2B3AF7E800A7CD21 /* Lesson-4.05_ContactList.app */;
			productType = "com.apple.product-type.application";
		};
/* End PBXNativeTarget section */

/* Begin PBXProject section */
		6A837E142B3AF7E800A7CD21 /* Project object */ = {
			isa = PBXProject;
			attributes = {
				BuildIndependentTargetsInParallel = 1;
				LastSwiftUpdateCheck = 1500;
				LastUpgradeCheck = 1500;
				TargetAttributes = {
					6A837E1B2B3AF7E800A7CD21 = {
						CreatedOnToolsVersion = 15.0.1;
					};
				};
			};
			buildConfigurationList = 6A837E172B3AF7E800A7CD21 /* Build configuration list for PBXProject "Lesson-4.05_ContactList" */;
			compatibilityVersion = "Xcode 14.0";
			developmentRegion = en;
			hasScannedForEncodings = 0;
			knownRegions = (
				en,
				Base,
			);
			mainGroup = 6A837E132B3AF7E800A7CD21;
			productRefGroup = 6A837E1D2B3AF7E800A7CD21 /* Products */;
			projectDirPath = "";
			projectRoot = "";
			targets = (
				6A837E1B2B3AF7E800A7CD21 /* Lesson-4.05_ContactList */,
			);
		};
/* End PBXProject section */

/* Begin PBXResourcesBuildPhase section */
		6A837E1A2B3AF7E800A7CD21 /* Resources */ = {
			isa = PBXResourcesBuildPhase;
			buildActionMask = 2147483647;
			files = (
				6A837E292B3AF7E900A7CD21 /* Preview Assets.xcassets in Resources */,
				6A837E262B3AF7E900A7CD21 /* Assets.xcassets in Resources */,
			);
			runOnlyForDeploymentPostprocessing = 0;
		};
/* End PBXResourcesBuildPhase section */

/* Begin PBXSourcesBuildPhase section */
		6A837E182B3AF7E800A7CD21 /* Sources */ = {
			isa = PBXSourcesBuildPhase;
			buildActionMask = 2147483647;
			files = (
				6A837E392B3B040100A7CD21 /* Constants.swift in Sources */,
				6A837E922B3C834400A7CD21 /* DetailsView.swift in Sources */,
				6A837E412B3BEE5F00A7CD21 /* DataStore.swift in Sources */,
				6A837EB92B3D5D4000A7CD21 /* StorageManager.swift in Sources */,
				6A837E222B3AF7E800A7CD21 /* RootView.swift in Sources */,
				6A837E342B3AFA6200A7CD21 /* DataManager.swift in Sources */,
				6A837E432B3BF80B00A7CD21 /* NumbersView.swift in Sources */,
				6A837E242B3AF7E800A7CD21 /* Contact.swift in Sources */,
				6A837E202B3AF7E800A7CD21 /* Lesson_4_05_ContactListApp.swift in Sources */,
				6A837E872B3C018E00A7CD21 /* ContactsView.swift in Sources */,
				6A837E8C2B3C512A00A7CD21 /* ContactLinkView.swift in Sources */,
				6A837EB62B3D5C9E00A7CD21 /* Person.swift in Sources */,
				6A837E962B3D3DFA00A7CD21 /* RootViewModel.swift in Sources */,
				6A837E942B3D354E00A7CD21 /* PersonImageView.swift in Sources */,
			);
			runOnlyForDeploymentPostprocessing = 0;
		};
/* End PBXSourcesBuildPhase section */

/* Begin XCBuildConfiguration section */
		6A837E2A2B3AF7E900A7CD21 /* Debug */ = {
			isa = XCBuildConfiguration;
			buildSettings = {
				ALWAYS_SEARCH_USER_PATHS = NO;
				ASSETCATALOG_COMPILER_GENERATE_SWIFT_ASSET_SYMBOL_EXTENSIONS = YES;
				CLANG_ANALYZER_NONNULL = YES;
				CLANG_ANALYZER_NUMBER_OBJECT_CONVERSION = YES_AGGRESSIVE;
				CLANG_CXX_LANGUAGE_STANDARD = "gnu++20";
				CLANG_ENABLE_MODULES = YES;
				CLANG_ENABLE_OBJC_ARC = YES;
				CLANG_ENABLE_OBJC_WEAK = YES;
				CLANG_WARN_BLOCK_CAPTURE_AUTORELEASING = YES;
				CLANG_WARN_BOOL_CONVERSION = YES;
				CLANG_WARN_COMMA = YES;
				CLANG_WARN_CONSTANT_CONVERSION = YES;
				CLANG_WARN_DEPRECATED_OBJC_IMPLEMENTATIONS = YES;
				CLANG_WARN_DIRECT_OBJC_ISA_USAGE = YES_ERROR;
				CLANG_WARN_DOCUMENTATION_COMMENTS = YES;
				CLANG_WARN_EMPTY_BODY = YES;
				CLANG_WARN_ENUM_CONVERSION = YES;
				CLANG_WARN_INFINITE_RECURSION = YES;
				CLANG_WARN_INT_CONVERSION = YES;
				CLANG_WARN_NON_LITERAL_NULL_CONVERSION = YES;
				CLANG_WARN_OBJC_IMPLICIT_RETAIN_SELF = YES;
				CLANG_WARN_OBJC_LITERAL_CONVERSION = YES;
				CLANG_WARN_OBJC_ROOT_CLASS = YES_ERROR;
				CLANG_WARN_QUOTED_INCLUDE_IN_FRAMEWORK_HEADER = YES;
				CLANG_WARN_RANGE_LOOP_ANALYSIS = YES;
				CLANG_WARN_STRICT_PROTOTYPES = YES;
				CLANG_WARN_SUSPICIOUS_MOVE = YES;
				CLANG_WARN_UNGUARDED_AVAILABILITY = YES_AGGRESSIVE;
				CLANG_WARN_UNREACHABLE_CODE = YES;
				CLANG_WARN__DUPLICATE_METHOD_MATCH = YES;
				COPY_PHASE_STRIP = NO;
				DEBUG_INFORMATION_FORMAT = dwarf;
				ENABLE_STRICT_OBJC_MSGSEND = YES;
				ENABLE_TESTABILITY = YES;
				ENABLE_USER_SCRIPT_SANDBOXING = YES;
				GCC_C_LANGUAGE_STANDARD = gnu17;
				GCC_DYNAMIC_NO_PIC = NO;
				GCC_NO_COMMON_BLOCKS = YES;
				GCC_OPTIMIZATION_LEVEL = 0;
				GCC_PREPROCESSOR_DEFINITIONS = (
					"DEBUG=1",
					"$(inherited)",
				);
				GCC_WARN_64_TO_32_BIT_CONVERSION = YES;
				GCC_WARN_ABOUT_RETURN_TYPE = YES_ERROR;
				GCC_WARN_UNDECLARED_SELECTOR = YES;
				GCC_WARN_UNINITIALIZED_AUTOS = YES_AGGRESSIVE;
				GCC_WARN_UNUSED_FUNCTION = YES;
				GCC_WARN_UNUSED_VARIABLE = YES;
				IPHONEOS_DEPLOYMENT_TARGET = 17.0;
				LOCALIZATION_PREFERS_STRING_CATALOGS = YES;
				MTL_ENABLE_DEBUG_INFO = INCLUDE_SOURCE;
				MTL_FAST_MATH = YES;
				ONLY_ACTIVE_ARCH = YES;
				SDKROOT = iphoneos;
				SWIFT_ACTIVE_COMPILATION_CONDITIONS = "DEBUG $(inherited)";
				SWIFT_OPTIMIZATION_LEVEL = "-Onone";
			};
			name = Debug;
		};
		6A837E2B2B3AF7E900A7CD21 /* Release */ = {
			isa = XCBuildConfiguration;
			buildSettings = {
				ALWAYS_SEARCH_USER_PATHS = NO;
				ASSETCATALOG_COMPILER_GENERATE_SWIFT_ASSET_SYMBOL_EXTENSIONS = YES;
				CLANG_ANALYZER_NONNULL = YES;
				CLANG_ANALYZER_NUMBER_OBJECT_CONVERSION = YES_AGGRESSIVE;
				CLANG_CXX_LANGUAGE_STANDARD = "gnu++20";
				CLANG_ENABLE_MODULES = YES;
				CLANG_ENABLE_OBJC_ARC = YES;
				CLANG_ENABLE_OBJC_WEAK = YES;
				CLANG_WARN_BLOCK_CAPTURE_AUTORELEASING = YES;
				CLANG_WARN_BOOL_CONVERSION = YES;
				CLANG_WARN_COMMA = YES;
				CLANG_WARN_CONSTANT_CONVERSION = YES;
				CLANG_WARN_DEPRECATED_OBJC_IMPLEMENTATIONS = YES;
				CLANG_WARN_DIRECT_OBJC_ISA_USAGE = YES_ERROR;
				CLANG_WARN_DOCUMENTATION_COMMENTS = YES;
				CLANG_WARN_EMPTY_BODY = YES;
				CLANG_WARN_ENUM_CONVERSION = YES;
				CLANG_WARN_INFINITE_RECURSION = YES;
				CLANG_WARN_INT_CONVERSION = YES;
				CLANG_WARN_NON_LITERAL_NULL_CONVERSION = YES;
				CLANG_WARN_OBJC_IMPLICIT_RETAIN_SELF = YES;
				CLANG_WARN_OBJC_LITERAL_CONVERSION = YES;
				CLANG_WARN_OBJC_ROOT_CLASS = YES_ERROR;
				CLANG_WARN_QUOTED_INCLUDE_IN_FRAMEWORK_HEADER = YES;
				CLANG_WARN_RANGE_LOOP_ANALYSIS = YES;
				CLANG_WARN_STRICT_PROTOTYPES = YES;
				CLANG_WARN_SUSPICIOUS_MOVE = YES;
				CLANG_WARN_UNGUARDED_AVAILABILITY = YES_AGGRESSIVE;
				CLANG_WARN_UNREACHABLE_CODE = YES;
				CLANG_WARN__DUPLICATE_METHOD_MATCH = YES;
				COPY_PHASE_STRIP = NO;
				DEBUG_INFORMATION_FORMAT = "dwarf-with-dsym";
				ENABLE_NS_ASSERTIONS = NO;
				ENABLE_STRICT_OBJC_MSGSEND = YES;
				ENABLE_USER_SCRIPT_SANDBOXING = YES;
				GCC_C_LANGUAGE_STANDARD = gnu17;
				GCC_NO_COMMON_BLOCKS = YES;
				GCC_WARN_64_TO_32_BIT_CONVERSION = YES;
				GCC_WARN_ABOUT_RETURN_TYPE = YES_ERROR;
				GCC_WARN_UNDECLARED_SELECTOR = YES;
				GCC_WARN_UNINITIALIZED_AUTOS = YES_AGGRESSIVE;
				GCC_WARN_UNUSED_FUNCTION = YES;
				GCC_WARN_UNUSED_VARIABLE = YES;
				IPHONEOS_DEPLOYMENT_TARGET = 17.0;
				LOCALIZATION_PREFERS_STRING_CATALOGS = YES;
				MTL_ENABLE_DEBUG_INFO = NO;
				MTL_FAST_MATH = YES;
				SDKROOT = iphoneos;
				SWIFT_COMPILATION_MODE = wholemodule;
				VALIDATE_PRODUCT = YES;
			};
			name = Release;
		};
		6A837E2D2B3AF7E900A7CD21 /* Debug */ = {
			isa = XCBuildConfiguration;
			buildSettings = {
				ASSETCATALOG_COMPILER_APPICON_NAME = AppIcon;
				ASSETCATALOG_COMPILER_GLOBAL_ACCENT_COLOR_NAME = AccentColor;
				CODE_SIGN_STYLE = Automatic;
				CURRENT_PROJECT_VERSION = 1;
				DEVELOPMENT_ASSET_PATHS = "\"Lesson-4.05_ContactList/Preview Content\"";
				DEVELOPMENT_TEAM = J5RS3T7663;
				ENABLE_PREVIEWS = YES;
				GENERATE_INFOPLIST_FILE = YES;
				INFOPLIST_KEY_UIApplicationSceneManifest_Generation = YES;
				INFOPLIST_KEY_UIApplicationSupportsIndirectInputEvents = YES;
				INFOPLIST_KEY_UILaunchScreen_Generation = YES;
				INFOPLIST_KEY_UISupportedInterfaceOrientations_iPad = "UIInterfaceOrientationPortrait UIInterfaceOrientationPortraitUpsideDown UIInterfaceOrientationLandscapeLeft UIInterfaceOrientationLandscapeRight";
				INFOPLIST_KEY_UISupportedInterfaceOrientations_iPhone = "UIInterfaceOrientationPortrait UIInterfaceOrientationLandscapeLeft UIInterfaceOrientationLandscapeRight";
				LD_RUNPATH_SEARCH_PATHS = (
					"$(inherited)",
					"@executable_path/Frameworks",
				);
				MARKETING_VERSION = 1.0;
				PRODUCT_BUNDLE_IDENTIFIER = "me.iurii.kurinnoi.Lesson-4-05-ContactList";
				PRODUCT_NAME = "$(TARGET_NAME)";
				SWIFT_EMIT_LOC_STRINGS = YES;
				SWIFT_VERSION = 5.0;
				TARGETED_DEVICE_FAMILY = "1,2";
			};
			name = Debug;
		};
		6A837E2E2B3AF7E900A7CD21 /* Release */ = {
			isa = XCBuildConfiguration;
			buildSettings = {
				ASSETCATALOG_COMPILER_APPICON_NAME = AppIcon;
				ASSETCATALOG_COMPILER_GLOBAL_ACCENT_COLOR_NAME = AccentColor;
				CODE_SIGN_STYLE = Automatic;
				CURRENT_PROJECT_VERSION = 1;
				DEVELOPMENT_ASSET_PATHS = "\"Lesson-4.05_ContactList/Preview Content\"";
				DEVELOPMENT_TEAM = J5RS3T7663;
				ENABLE_PREVIEWS = YES;
				GENERATE_INFOPLIST_FILE = YES;
				INFOPLIST_KEY_UIApplicationSceneManifest_Generation = YES;
				INFOPLIST_KEY_UIApplicationSupportsIndirectInputEvents = YES;
				INFOPLIST_KEY_UILaunchScreen_Generation = YES;
				INFOPLIST_KEY_UISupportedInterfaceOrientations_iPad = "UIInterfaceOrientationPortrait UIInterfaceOrientationPortraitUpsideDown UIInterfaceOrientationLandscapeLeft UIInterfaceOrientationLandscapeRight";
				INFOPLIST_KEY_UISupportedInterfaceOrientations_iPhone = "UIInterfaceOrientationPortrait UIInterfaceOrientationLandscapeLeft UIInterfaceOrientationLandscapeRight";
				LD_RUNPATH_SEARCH_PATHS = (
					"$(inherited)",
					"@executable_path/Frameworks",
				);
				MARKETING_VERSION = 1.0;
				PRODUCT_BUNDLE_IDENTIFIER = "me.iurii.kurinnoi.Lesson-4-05-ContactList";
				PRODUCT_NAME = "$(TARGET_NAME)";
				SWIFT_EMIT_LOC_STRINGS = YES;
				SWIFT_VERSION = 5.0;
				TARGETED_DEVICE_FAMILY = "1,2";
			};
			name = Release;
		};
/* End XCBuildConfiguration section */

/* Begin XCConfigurationList section */
		6A837E172B3AF7E800A7CD21 /* Build configuration list for PBXProject "Lesson-4.05_ContactList" */ = {
			isa = XCConfigurationList;
			buildConfigurations = (
				6A837E2A2B3AF7E900A7CD21 /* Debug */,
				6A837E2B2B3AF7E900A7CD21 /* Release */,
			);
			defaultConfigurationIsVisible = 0;
			defaultConfigurationName = Release;
		};
		6A837E2C2B3AF7E900A7CD21 /* Build configuration list for PBXNativeTarget "Lesson-4.05_ContactList" */ = {
			isa = XCConfigurationList;
			buildConfigurations = (
				6A837E2D2B3AF7E900A7CD21 /* Debug */,
				6A837E2E2B3AF7E900A7CD21 /* Release */,
			);
			defaultConfigurationIsVisible = 0;
			defaultConfigurationName = Release;
		};
/* End XCConfigurationList section */
	};
	rootObject = 6A837E142B3AF7E800A7CD21 /* Project object */;
}
